lockfileVersion: 5.4

specifiers:
  react-router-dom: ^6.9.0

dependencies:
  react-router-dom: 6.9.0

packages:

  /@remix-run/router/1.4.0:
    resolution: {integrity: sha512-BJ9SxXux8zAg991UmT8slpwpsd31K1dHHbD3Ba4VzD+liLQ4WAMSxQp2d2ZPRPfN0jN2NPRowcSSoM7lCaF08Q==}
    engines: {node: '>=14'}
    dev: false

  /react-router-dom/6.9.0:
    resolution: {integrity: sha512-/seUAPY01VAuwkGyVBPCn1OXfVbaWGGu4QN9uj0kCPcTyNYgL1ldZpxZUpRU7BLheKQI4Twtl/OW2nHRF1u26Q==}
    engines: {node: '>=14'}
    peerDependencies:
      react: '>=16.8'
      react-dom: '>=16.8'
    dependencies:
      '@remix-run/router': 1.4.0
      react-router: 6.9.0
    dev: false

  /react-router/6.9.0:
    resolution: {integrity: sha512-51lKevGNUHrt6kLuX3e/ihrXoXCa9ixY/nVWRLlob4r/l0f45x3SzBvYJe3ctleLUQQ5fVa4RGgJOTH7D9Umhw==}
    engines: {node: '>=14'}
    peerDependencies:
      react: '>=16.8'
    dependencies:
      '@remix-run/router': 1.4.0
    dev: false
